{
  "name": "agent-0",
  "lockfileVersion": 3,
  "requires": true,
  "packages": {
    "": {
      "devDependencies": {
        "@babel/standalone": "^7.29.3"
      }
    },
    "node_modules/@babel/standalone": {
      "version": "7.29.3",
      "resolved": "https://registry.npmjs.org/@babel/standalone/-/standalone-7.29.3.tgz",
      "integrity": "sha512-MRg274T8RTFX8hfkeP+plq6SS8pGuN65dGL2R6YsPG58UDYi3iAlBWwFC/v0ewXZbbMVdGS70r+Vtt3BHHGZxA==",
      "dev": true,
      "license": "MIT",
      "engines": {
        "node": ">=6.9.0"
      }
    }
  }
}
